{
  "name": "fancyapplibrary",
  "lockfileVersion": 2,
  "requires": true,
  "packages": {
    "": {
      "dependencies": {
        "@fancyapps/ui": "^5.0.16"
      }
    },
    "node_modules/@fancyapps/ui": {
      "version": "5.0.16",
      "resolved": "https://registry.npmjs.org/@fancyapps/ui/-/ui-5.0.16.tgz",
      "integrity": "sha512-cvS3Pev+sofgA3wsM71Tr+dQn72pJJ/9heW3Ng5jQkGCKha98N9xdZ3Oh/90uPA76oU+J1a1Ovd3ZZfdVDT4GQ=="
    }
  },
  "dependencies": {
    "@fancyapps/ui": {
      "version": "5.0.16",
      "resolved": "https://registry.npmjs.org/@fancyapps/ui/-/ui-5.0.16.tgz",
      "integrity": "sha512-cvS3Pev+sofgA3wsM71Tr+dQn72pJJ/9heW3Ng5jQkGCKha98N9xdZ3Oh/90uPA76oU+J1a1Ovd3ZZfdVDT4GQ=="
    }
  }
}
